
Microsoft Visual Studio Solution File, Format Version 12.00
# Visual Studio 14
VisualStudioVersion = 14.0.25420.1
MinimumVisualStudioVersion = 10.0.40219.1
Project("{FAE04EC0-301F-11D3-BF4B-00C04F79EFBC}") = "RealmTst", "RealmTst\RealmTst.csproj", "{9769C0B5-C2C1-4B12-92E3-98288BE1F77A}"
EndProject
Project("{FAE04EC0-301F-11D3-BF4B-00C04F79EFBC}") = "RealmSync", "RealmSync\RealmSync.csproj", "{B1651A06-7CEC-4529-B8EE-E594D26A62D3}"
EndProject
Project("{FAE04EC0-301F-11D3-BF4B-00C04F79EFBC}") = "RealmSync.Model", "RealmSync.Model\RealmSync.Model.csproj", "{1217ECDB-CCD8-48D4-B84B-8A87EC9DB2A8}"
EndProject
Project("{FAE04EC0-301F-11D3-BF4B-00C04F79EFBC}") = "UnitTestProject", "UnitTestProject\UnitTestProject.csproj", "{2C4A00F9-0B66-4CBA-BBD0-601172B00278}"
EndProject
Project("{FAE04EC0-301F-11D3-BF4B-00C04F79EFBC}") = "RealmSync.Server", "RealmSync.Server\RealmSync.Server.csproj", "{197EEC4A-5985-4422-B76F-887281D7BC04}"
EndProject
Global
	GlobalSection(SolutionConfigurationPlatforms) = preSolution
		Debug|Any CPU = Debug|Any CPU
		Release|Any CPU = Release|Any CPU
	EndGlobalSection
	GlobalSection(ProjectConfigurationPlatforms) = postSolution
		{9769C0B5-C2C1-4B12-92E3-98288BE1F77A}.Debug|Any CPU.ActiveCfg = Debug|Any CPU
		{9769C0B5-C2C1-4B12-92E3-98288BE1F77A}.Debug|Any CPU.Build.0 = Debug|Any CPU
		{9769C0B5-C2C1-4B12-92E3-98288BE1F77A}.Release|Any CPU.ActiveCfg = Release|Any CPU
		{9769C0B5-C2C1-4B12-92E3-98288BE1F77A}.Release|Any CPU.Build.0 = Release|Any CPU
		{B1651A06-7CEC-4529-B8EE-E594D26A62D3}.Debug|Any CPU.ActiveCfg = Debug|Any CPU
		{B1651A06-7CEC-4529-B8EE-E594D26A62D3}.Debug|Any CPU.Build.0 = Debug|Any CPU
		{B1651A06-7CEC-4529-B8EE-E594D26A62D3}.Release|Any CPU.ActiveCfg = Release|Any CPU
		{B1651A06-7CEC-4529-B8EE-E594D26A62D3}.Release|Any CPU.Build.0 = Release|Any CPU
		{1217ECDB-CCD8-48D4-B84B-8A87EC9DB2A8}.Debug|Any CPU.ActiveCfg = Debug|Any CPU
		{1217ECDB-CCD8-48D4-B84B-8A87EC9DB2A8}.Debug|Any CPU.Build.0 = Debug|Any CPU
		{1217ECDB-CCD8-48D4-B84B-8A87EC9DB2A8}.Release|Any CPU.ActiveCfg = Release|Any CPU
		{1217ECDB-CCD8-48D4-B84B-8A87EC9DB2A8}.Release|Any CPU.Build.0 = Release|Any CPU
		{2C4A00F9-0B66-4CBA-BBD0-601172B00278}.Debug|Any CPU.ActiveCfg = Debug|Any CPU
		{2C4A00F9-0B66-4CBA-BBD0-601172B00278}.Debug|Any CPU.Build.0 = Debug|Any CPU
		{2C4A00F9-0B66-4CBA-BBD0-601172B00278}.Release|Any CPU.ActiveCfg = Release|Any CPU
		{2C4A00F9-0B66-4CBA-BBD0-601172B00278}.Release|Any CPU.Build.0 = Release|Any CPU
		{197EEC4A-5985-4422-B76F-887281D7BC04}.Debug|Any CPU.ActiveCfg = Debug|Any CPU
		{197EEC4A-5985-4422-B76F-887281D7BC04}.Debug|Any CPU.Build.0 = Debug|Any CPU
		{197EEC4A-5985-4422-B76F-887281D7BC04}.Release|Any CPU.ActiveCfg = Release|Any CPU
		{197EEC4A-5985-4422-B76F-887281D7BC04}.Release|Any CPU.Build.0 = Release|Any CPU
	EndGlobalSection
	GlobalSection(SolutionProperties) = preSolution
		HideSolutionNode = FALSE
	EndGlobalSection
EndGlobal
