
Microsoft Visual Studio Solution File, Format Version 12.00
# Visual Studio 15
VisualStudioVersion = 15.0.26430.15
MinimumVisualStudioVersion = 10.0.40219.1
Project("{FAE04EC0-301F-11D3-BF4B-00C04F79EFBC}") = "Realmius_mancheck.Android", "Realmius_mancheck\Realmius_mancheck.Android\Realmius_mancheck.Android.csproj", "{4F891491-DD3A-4BF6-A974-1226841E09FB}"
EndProject
Project("{FAE04EC0-301F-11D3-BF4B-00C04F79EFBC}") = "Realmius_mancheck", "Realmius_mancheck\Realmius_mancheck\Realmius_mancheck.csproj", "{B7DCFFE6-B03A-44E0-947A-650CED7DA598}"
EndProject
Project("{FAE04EC0-301F-11D3-BF4B-00C04F79EFBC}") = "Realmius_mancheck.UWP", "Realmius_mancheck\Realmius_mancheck.UWP\Realmius_mancheck.UWP.csproj", "{C61312E3-28DF-4EAB-B946-F94F55C7BE10}"
EndProject
Project("{FAE04EC0-301F-11D3-BF4B-00C04F79EFBC}") = "Realmius_mancheck.iOS", "Realmius_mancheck\Realmius_mancheck.iOS\Realmius_mancheck.iOS.csproj", "{1972BC0A-1D54-4662-85DE-D642AE375C55}"
EndProject
Project("{FAE04EC0-301F-11D3-BF4B-00C04F79EFBC}") = "Realmius_mancheck_Web", "Realmius_mancheck_Web\Realmius_mancheck_Web.csproj", "{0C65DB08-3188-428F-9ED8-6599856DE402}"
EndProject
Global
	GlobalSection(SolutionConfigurationPlatforms) = preSolution
		Ad-Hoc|Any CPU = Ad-Hoc|Any CPU
		Ad-Hoc|ARM = Ad-Hoc|ARM
		Ad-Hoc|iPhone = Ad-Hoc|iPhone
		Ad-Hoc|iPhoneSimulator = Ad-Hoc|iPhoneSimulator
		Ad-Hoc|x64 = Ad-Hoc|x64
		Ad-Hoc|x86 = Ad-Hoc|x86
		AppStore|Any CPU = AppStore|Any CPU
		AppStore|ARM = AppStore|ARM
		AppStore|iPhone = AppStore|iPhone
		AppStore|iPhoneSimulator = AppStore|iPhoneSimulator
		AppStore|x64 = AppStore|x64
		AppStore|x86 = AppStore|x86
		Debug|Any CPU = Debug|Any CPU
		Debug|ARM = Debug|ARM
		Debug|iPhone = Debug|iPhone
		Debug|iPhoneSimulator = Debug|iPhoneSimulator
		Debug|x64 = Debug|x64
		Debug|x86 = Debug|x86
		Release|Any CPU = Release|Any CPU
		Release|ARM = Release|ARM
		Release|iPhone = Release|iPhone
		Release|iPhoneSimulator = Release|iPhoneSimulator
		Release|x64 = Release|x64
		Release|x86 = Release|x86
	EndGlobalSection
	GlobalSection(ProjectConfigurationPlatforms) = postSolution
		{4F891491-DD3A-4BF6-A974-1226841E09FB}.Ad-Hoc|Any CPU.ActiveCfg = Release|Any CPU
		{4F891491-DD3A-4BF6-A974-1226841E09FB}.Ad-Hoc|Any CPU.Build.0 = Release|Any CPU
		{4F891491-DD3A-4BF6-A974-1226841E09FB}.Ad-Hoc|Any CPU.Deploy.0 = Release|Any CPU
		{4F891491-DD3A-4BF6-A974-1226841E09FB}.Ad-Hoc|ARM.ActiveCfg = Release|Any CPU
		{4F891491-DD3A-4BF6-A974-1226841E09FB}.Ad-Hoc|ARM.Build.0 = Release|Any CPU
		{4F891491-DD3A-4BF6-A974-1226841E09FB}.Ad-Hoc|ARM.Deploy.0 = Release|Any CPU
		{4F891491-DD3A-4BF6-A974-1226841E09FB}.Ad-Hoc|iPhone.ActiveCfg = Release|Any CPU
		{4F891491-DD3A-4BF6-A974-1226841E09FB}.Ad-Hoc|iPhone.Build.0 = Release|Any CPU
		{4F891491-DD3A-4BF6-A974-1226841E09FB}.Ad-Hoc|iPhone.Deploy.0 = Release|Any CPU
		{4F891491-DD3A-4BF6-A974-1226841E09FB}.Ad-Hoc|iPhoneSimulator.ActiveCfg = Release|Any CPU
		{4F891491-DD3A-4BF6-A974-1226841E09FB}.Ad-Hoc|iPhoneSimulator.Build.0 = Release|Any CPU
		{4F891491-DD3A-4BF6-A974-1226841E09FB}.Ad-Hoc|iPhoneSimulator.Deploy.0 = Release|Any CPU
		{4F891491-DD3A-4BF6-A974-1226841E09FB}.Ad-Hoc|x64.ActiveCfg = Release|Any CPU
		{4F891491-DD3A-4BF6-A974-1226841E09FB}.Ad-Hoc|x64.Build.0 = Release|Any CPU
		{4F891491-DD3A-4BF6-A974-1226841E09FB}.Ad-Hoc|x64.Deploy.0 = Release|Any CPU
		{4F891491-DD3A-4BF6-A974-1226841E09FB}.Ad-Hoc|x86.ActiveCfg = Release|Any CPU
		{4F891491-DD3A-4BF6-A974-1226841E09FB}.Ad-Hoc|x86.Build.0 = Release|Any CPU
		{4F891491-DD3A-4BF6-A974-1226841E09FB}.Ad-Hoc|x86.Deploy.0 = Release|Any CPU
		{4F891491-DD3A-4BF6-A974-1226841E09FB}.AppStore|Any CPU.ActiveCfg = Release|Any CPU
		{4F891491-DD3A-4BF6-A974-1226841E09FB}.AppStore|Any CPU.Build.0 = Release|Any CPU
		{4F891491-DD3A-4BF6-A974-1226841E09FB}.AppStore|Any CPU.Deploy.0 = Release|Any CPU
		{4F891491-DD3A-4BF6-A974-1226841E09FB}.AppStore|ARM.ActiveCfg = Release|Any CPU
		{4F891491-DD3A-4BF6-A974-1226841E09FB}.AppStore|ARM.Build.0 = Release|Any CPU
		{4F891491-DD3A-4BF6-A974-1226841E09FB}.AppStore|ARM.Deploy.0 = Release|Any CPU
		{4F891491-DD3A-4BF6-A974-1226841E09FB}.AppStore|iPhone.ActiveCfg = Release|Any CPU
		{4F891491-DD3A-4BF6-A974-1226841E09FB}.AppStore|iPhone.Build.0 = Release|Any CPU
		{4F891491-DD3A-4BF6-A974-1226841E09FB}.AppStore|iPhone.Deploy.0 = Release|Any CPU
		{4F891491-DD3A-4BF6-A974-1226841E09FB}.AppStore|iPhoneSimulator.ActiveCfg = Release|Any CPU
		{4F891491-DD3A-4BF6-A974-1226841E09FB}.AppStore|iPhoneSimulator.Build.0 = Release|Any CPU
		{4F891491-DD3A-4BF6-A974-1226841E09FB}.AppStore|iPhoneSimulator.Deploy.0 = Release|Any CPU
		{4F891491-DD3A-4BF6-A974-1226841E09FB}.AppStore|x64.ActiveCfg = Release|Any CPU
		{4F891491-DD3A-4BF6-A974-1226841E09FB}.AppStore|x64.Build.0 = Release|Any CPU
		{4F891491-DD3A-4BF6-A974-1226841E09FB}.AppStore|x64.Deploy.0 = Release|Any CPU
		{4F891491-DD3A-4BF6-A974-1226841E09FB}.AppStore|x86.ActiveCfg = Release|Any CPU
		{4F891491-DD3A-4BF6-A974-1226841E09FB}.AppStore|x86.Build.0 = Release|Any CPU
		{4F891491-DD3A-4BF6-A974-1226841E09FB}.AppStore|x86.Deploy.0 = Release|Any CPU
		{4F891491-DD3A-4BF6-A974-1226841E09FB}.Debug|Any CPU.ActiveCfg = Debug|Any CPU
		{4F891491-DD3A-4BF6-A974-1226841E09FB}.Debug|Any CPU.Build.0 = Debug|Any CPU
		{4F891491-DD3A-4BF6-A974-1226841E09FB}.Debug|Any CPU.Deploy.0 = Debug|Any CPU
		{4F891491-DD3A-4BF6-A974-1226841E09FB}.Debug|ARM.ActiveCfg = Debug|Any CPU
		{4F891491-DD3A-4BF6-A974-1226841E09FB}.Debug|ARM.Build.0 = Debug|Any CPU
		{4F891491-DD3A-4BF6-A974-1226841E09FB}.Debug|ARM.Deploy.0 = Debug|Any CPU
		{4F891491-DD3A-4BF6-A974-1226841E09FB}.Debug|iPhone.ActiveCfg = Debug|Any CPU
		{4F891491-DD3A-4BF6-A974-1226841E09FB}.Debug|iPhone.Build.0 = Debug|Any CPU
		{4F891491-DD3A-4BF6-A974-1226841E09FB}.Debug|iPhone.Deploy.0 = Debug|Any CPU
		{4F891491-DD3A-4BF6-A974-1226841E09FB}.Debug|iPhoneSimulator.ActiveCfg = Debug|Any CPU
		{4F891491-DD3A-4BF6-A974-1226841E09FB}.Debug|iPhoneSimulator.Build.0 = Debug|Any CPU
		{4F891491-DD3A-4BF6-A974-1226841E09FB}.Debug|iPhoneSimulator.Deploy.0 = Debug|Any CPU
		{4F891491-DD3A-4BF6-A974-1226841E09FB}.Debug|x64.ActiveCfg = Debug|Any CPU
		{4F891491-DD3A-4BF6-A974-1226841E09FB}.Debug|x64.Build.0 = Debug|Any CPU
		{4F891491-DD3A-4BF6-A974-1226841E09FB}.Debug|x64.Deploy.0 = Debug|Any CPU
		{4F891491-DD3A-4BF6-A974-1226841E09FB}.Debug|x86.ActiveCfg = Debug|Any CPU
		{4F891491-DD3A-4BF6-A974-1226841E09FB}.Debug|x86.Build.0 = Debug|Any CPU
		{4F891491-DD3A-4BF6-A974-1226841E09FB}.Debug|x86.Deploy.0 = Debug|Any CPU
		{4F891491-DD3A-4BF6-A974-1226841E09FB}.Release|Any CPU.ActiveCfg = Release|Any CPU
		{4F891491-DD3A-4BF6-A974-1226841E09FB}.Release|Any CPU.Build.0 = Release|Any CPU
		{4F891491-DD3A-4BF6-A974-1226841E09FB}.Release|Any CPU.Deploy.0 = Release|Any CPU
		{4F891491-DD3A-4BF6-A974-1226841E09FB}.Release|ARM.ActiveCfg = Release|Any CPU
		{4F891491-DD3A-4BF6-A974-1226841E09FB}.Release|ARM.Build.0 = Release|Any CPU
		{4F891491-DD3A-4BF6-A974-1226841E09FB}.Release|ARM.Deploy.0 = Release|Any CPU
		{4F891491-DD3A-4BF6-A974-1226841E09FB}.Release|iPhone.ActiveCfg = Release|Any CPU
		{4F891491-DD3A-4BF6-A974-1226841E09FB}.Release|iPhone.Build.0 = Release|Any CPU
		{4F891491-DD3A-4BF6-A974-1226841E09FB}.Release|iPhone.Deploy.0 = Release|Any CPU
		{4F891491-DD3A-4BF6-A974-1226841E09FB}.Release|iPhoneSimulator.ActiveCfg = Release|Any CPU
		{4F891491-DD3A-4BF6-A974-1226841E09FB}.Release|iPhoneSimulator.Build.0 = Release|Any CPU
		{4F891491-DD3A-4BF6-A974-1226841E09FB}.Release|iPhoneSimulator.Deploy.0 = Release|Any CPU
		{4F891491-DD3A-4BF6-A974-1226841E09FB}.Release|x64.ActiveCfg = Release|Any CPU
		{4F891491-DD3A-4BF6-A974-1226841E09FB}.Release|x64.Build.0 = Release|Any CPU
		{4F891491-DD3A-4BF6-A974-1226841E09FB}.Release|x64.Deploy.0 = Release|Any CPU
		{4F891491-DD3A-4BF6-A974-1226841E09FB}.Release|x86.ActiveCfg = Release|Any CPU
		{4F891491-DD3A-4BF6-A974-1226841E09FB}.Release|x86.Build.0 = Release|Any CPU
		{4F891491-DD3A-4BF6-A974-1226841E09FB}.Release|x86.Deploy.0 = Release|Any CPU
		{B7DCFFE6-B03A-44E0-947A-650CED7DA598}.Ad-Hoc|Any CPU.ActiveCfg = Release|Any CPU
		{B7DCFFE6-B03A-44E0-947A-650CED7DA598}.Ad-Hoc|Any CPU.Build.0 = Release|Any CPU
		{B7DCFFE6-B03A-44E0-947A-650CED7DA598}.Ad-Hoc|ARM.ActiveCfg = Release|Any CPU
		{B7DCFFE6-B03A-44E0-947A-650CED7DA598}.Ad-Hoc|ARM.Build.0 = Release|Any CPU
		{B7DCFFE6-B03A-44E0-947A-650CED7DA598}.Ad-Hoc|iPhone.ActiveCfg = Release|Any CPU
		{B7DCFFE6-B03A-44E0-947A-650CED7DA598}.Ad-Hoc|iPhone.Build.0 = Release|Any CPU
		{B7DCFFE6-B03A-44E0-947A-650CED7DA598}.Ad-Hoc|iPhoneSimulator.ActiveCfg = Release|Any CPU
		{B7DCFFE6-B03A-44E0-947A-650CED7DA598}.Ad-Hoc|iPhoneSimulator.Build.0 = Release|Any CPU
		{B7DCFFE6-B03A-44E0-947A-650CED7DA598}.Ad-Hoc|x64.ActiveCfg = Release|Any CPU
		{B7DCFFE6-B03A-44E0-947A-650CED7DA598}.Ad-Hoc|x64.Build.0 = Release|Any CPU
		{B7DCFFE6-B03A-44E0-947A-650CED7DA598}.Ad-Hoc|x86.ActiveCfg = Release|Any CPU
		{B7DCFFE6-B03A-44E0-947A-650CED7DA598}.Ad-Hoc|x86.Build.0 = Release|Any CPU
		{B7DCFFE6-B03A-44E0-947A-650CED7DA598}.AppStore|Any CPU.ActiveCfg = Release|Any CPU
		{B7DCFFE6-B03A-44E0-947A-650CED7DA598}.AppStore|Any CPU.Build.0 = Release|Any CPU
		{B7DCFFE6-B03A-44E0-947A-650CED7DA598}.AppStore|ARM.ActiveCfg = Release|Any CPU
		{B7DCFFE6-B03A-44E0-947A-650CED7DA598}.AppStore|ARM.Build.0 = Release|Any CPU
		{B7DCFFE6-B03A-44E0-947A-650CED7DA598}.AppStore|iPhone.ActiveCfg = Release|Any CPU
		{B7DCFFE6-B03A-44E0-947A-650CED7DA598}.AppStore|iPhone.Build.0 = Release|Any CPU
		{B7DCFFE6-B03A-44E0-947A-650CED7DA598}.AppStore|iPhoneSimulator.ActiveCfg = Release|Any CPU
		{B7DCFFE6-B03A-44E0-947A-650CED7DA598}.AppStore|iPhoneSimulator.Build.0 = Release|Any CPU
		{B7DCFFE6-B03A-44E0-947A-650CED7DA598}.AppStore|x64.ActiveCfg = Release|Any CPU
		{B7DCFFE6-B03A-44E0-947A-650CED7DA598}.AppStore|x64.Build.0 = Release|Any CPU
		{B7DCFFE6-B03A-44E0-947A-650CED7DA598}.AppStore|x86.ActiveCfg = Release|Any CPU
		{B7DCFFE6-B03A-44E0-947A-650CED7DA598}.AppStore|x86.Build.0 = Release|Any CPU
		{B7DCFFE6-B03A-44E0-947A-650CED7DA598}.Debug|Any CPU.ActiveCfg = Debug|Any CPU
		{B7DCFFE6-B03A-44E0-947A-650CED7DA598}.Debug|Any CPU.Build.0 = Debug|Any CPU
		{B7DCFFE6-B03A-44E0-947A-650CED7DA598}.Debug|ARM.ActiveCfg = Debug|Any CPU
		{B7DCFFE6-B03A-44E0-947A-650CED7DA598}.Debug|ARM.Build.0 = Debug|Any CPU
		{B7DCFFE6-B03A-44E0-947A-650CED7DA598}.Debug|iPhone.ActiveCfg = Debug|Any CPU
		{B7DCFFE6-B03A-44E0-947A-650CED7DA598}.Debug|iPhone.Build.0 = Debug|Any CPU
		{B7DCFFE6-B03A-44E0-947A-650CED7DA598}.Debug|iPhoneSimulator.ActiveCfg = Debug|Any CPU
		{B7DCFFE6-B03A-44E0-947A-650CED7DA598}.Debug|iPhoneSimulator.Build.0 = Debug|Any CPU
		{B7DCFFE6-B03A-44E0-947A-650CED7DA598}.Debug|x64.ActiveCfg = Debug|Any CPU
		{B7DCFFE6-B03A-44E0-947A-650CED7DA598}.Debug|x64.Build.0 = Debug|Any CPU
		{B7DCFFE6-B03A-44E0-947A-650CED7DA598}.Debug|x86.ActiveCfg = Debug|Any CPU
		{B7DCFFE6-B03A-44E0-947A-650CED7DA598}.Debug|x86.Build.0 = Debug|Any CPU
		{B7DCFFE6-B03A-44E0-947A-650CED7DA598}.Release|Any CPU.ActiveCfg = Release|Any CPU
		{B7DCFFE6-B03A-44E0-947A-650CED7DA598}.Release|Any CPU.Build.0 = Release|Any CPU
		{B7DCFFE6-B03A-44E0-947A-650CED7DA598}.Release|ARM.ActiveCfg = Release|Any CPU
		{B7DCFFE6-B03A-44E0-947A-650CED7DA598}.Release|ARM.Build.0 = Release|Any CPU
		{B7DCFFE6-B03A-44E0-947A-650CED7DA598}.Release|iPhone.ActiveCfg = Release|Any CPU
		{B7DCFFE6-B03A-44E0-947A-650CED7DA598}.Release|iPhone.Build.0 = Release|Any CPU
		{B7DCFFE6-B03A-44E0-947A-650CED7DA598}.Release|iPhoneSimulator.ActiveCfg = Release|Any CPU
		{B7DCFFE6-B03A-44E0-947A-650CED7DA598}.Release|iPhoneSimulator.Build.0 = Release|Any CPU
		{B7DCFFE6-B03A-44E0-947A-650CED7DA598}.Release|x64.ActiveCfg = Release|Any CPU
		{B7DCFFE6-B03A-44E0-947A-650CED7DA598}.Release|x64.Build.0 = Release|Any CPU
		{B7DCFFE6-B03A-44E0-947A-650CED7DA598}.Release|x86.ActiveCfg = Release|Any CPU
		{B7DCFFE6-B03A-44E0-947A-650CED7DA598}.Release|x86.Build.0 = Release|Any CPU
		{C61312E3-28DF-4EAB-B946-F94F55C7BE10}.Ad-Hoc|Any CPU.ActiveCfg = Release|x86
		{C61312E3-28DF-4EAB-B946-F94F55C7BE10}.Ad-Hoc|Any CPU.Build.0 = Release|x86
		{C61312E3-28DF-4EAB-B946-F94F55C7BE10}.Ad-Hoc|Any CPU.Deploy.0 = Release|x86
		{C61312E3-28DF-4EAB-B946-F94F55C7BE10}.Ad-Hoc|ARM.ActiveCfg = Release|ARM
		{C61312E3-28DF-4EAB-B946-F94F55C7BE10}.Ad-Hoc|ARM.Build.0 = Release|ARM
		{C61312E3-28DF-4EAB-B946-F94F55C7BE10}.Ad-Hoc|ARM.Deploy.0 = Release|ARM
		{C61312E3-28DF-4EAB-B946-F94F55C7BE10}.Ad-Hoc|iPhone.ActiveCfg = Release|x86
		{C61312E3-28DF-4EAB-B946-F94F55C7BE10}.Ad-Hoc|iPhone.Build.0 = Release|x86
		{C61312E3-28DF-4EAB-B946-F94F55C7BE10}.Ad-Hoc|iPhone.Deploy.0 = Release|x86
		{C61312E3-28DF-4EAB-B946-F94F55C7BE10}.Ad-Hoc|iPhoneSimulator.ActiveCfg = Release|x86
		{C61312E3-28DF-4EAB-B946-F94F55C7BE10}.Ad-Hoc|iPhoneSimulator.Build.0 = Release|x86
		{C61312E3-28DF-4EAB-B946-F94F55C7BE10}.Ad-Hoc|iPhoneSimulator.Deploy.0 = Release|x86
		{C61312E3-28DF-4EAB-B946-F94F55C7BE10}.Ad-Hoc|x64.ActiveCfg = Release|x64
		{C61312E3-28DF-4EAB-B946-F94F55C7BE10}.Ad-Hoc|x64.Build.0 = Release|x64
		{C61312E3-28DF-4EAB-B946-F94F55C7BE10}.Ad-Hoc|x64.Deploy.0 = Release|x64
		{C61312E3-28DF-4EAB-B946-F94F55C7BE10}.Ad-Hoc|x86.ActiveCfg = Release|x86
		{C61312E3-28DF-4EAB-B946-F94F55C7BE10}.Ad-Hoc|x86.Build.0 = Release|x86
		{C61312E3-28DF-4EAB-B946-F94F55C7BE10}.Ad-Hoc|x86.Deploy.0 = Release|x86
		{C61312E3-28DF-4EAB-B946-F94F55C7BE10}.AppStore|Any CPU.ActiveCfg = Release|x86
		{C61312E3-28DF-4EAB-B946-F94F55C7BE10}.AppStore|Any CPU.Build.0 = Release|x86
		{C61312E3-28DF-4EAB-B946-F94F55C7BE10}.AppStore|Any CPU.Deploy.0 = Release|x86
		{C61312E3-28DF-4EAB-B946-F94F55C7BE10}.AppStore|ARM.ActiveCfg = Release|ARM
		{C61312E3-28DF-4EAB-B946-F94F55C7BE10}.AppStore|ARM.Build.0 = Release|ARM
		{C61312E3-28DF-4EAB-B946-F94F55C7BE10}.AppStore|ARM.Deploy.0 = Release|ARM
		{C61312E3-28DF-4EAB-B946-F94F55C7BE10}.AppStore|iPhone.ActiveCfg = Release|x86
		{C61312E3-28DF-4EAB-B946-F94F55C7BE10}.AppStore|iPhone.Build.0 = Release|x86
		{C61312E3-28DF-4EAB-B946-F94F55C7BE10}.AppStore|iPhone.Deploy.0 = Release|x86
		{C61312E3-28DF-4EAB-B946-F94F55C7BE10}.AppStore|iPhoneSimulator.ActiveCfg = Release|x86
		{C61312E3-28DF-4EAB-B946-F94F55C7BE10}.AppStore|iPhoneSimulator.Build.0 = Release|x86
		{C61312E3-28DF-4EAB-B946-F94F55C7BE10}.AppStore|iPhoneSimulator.Deploy.0 = Release|x86
		{C61312E3-28DF-4EAB-B946-F94F55C7BE10}.AppStore|x64.ActiveCfg = Release|x64
		{C61312E3-28DF-4EAB-B946-F94F55C7BE10}.AppStore|x64.Build.0 = Release|x64
		{C61312E3-28DF-4EAB-B946-F94F55C7BE10}.AppStore|x64.Deploy.0 = Release|x64
		{C61312E3-28DF-4EAB-B946-F94F55C7BE10}.AppStore|x86.ActiveCfg = Release|x86
		{C61312E3-28DF-4EAB-B946-F94F55C7BE10}.AppStore|x86.Build.0 = Release|x86
		{C61312E3-28DF-4EAB-B946-F94F55C7BE10}.AppStore|x86.Deploy.0 = Release|x86
		{C61312E3-28DF-4EAB-B946-F94F55C7BE10}.Debug|Any CPU.ActiveCfg = Debug|x86
		{C61312E3-28DF-4EAB-B946-F94F55C7BE10}.Debug|ARM.ActiveCfg = Debug|ARM
		{C61312E3-28DF-4EAB-B946-F94F55C7BE10}.Debug|ARM.Build.0 = Debug|ARM
		{C61312E3-28DF-4EAB-B946-F94F55C7BE10}.Debug|ARM.Deploy.0 = Debug|ARM
		{C61312E3-28DF-4EAB-B946-F94F55C7BE10}.Debug|iPhone.ActiveCfg = Debug|x86
		{C61312E3-28DF-4EAB-B946-F94F55C7BE10}.Debug|iPhoneSimulator.ActiveCfg = Debug|x86
		{C61312E3-28DF-4EAB-B946-F94F55C7BE10}.Debug|x64.ActiveCfg = Debug|x64
		{C61312E3-28DF-4EAB-B946-F94F55C7BE10}.Debug|x64.Build.0 = Debug|x64
		{C61312E3-28DF-4EAB-B946-F94F55C7BE10}.Debug|x64.Deploy.0 = Debug|x64
		{C61312E3-28DF-4EAB-B946-F94F55C7BE10}.Debug|x86.ActiveCfg = Debug|x86
		{C61312E3-28DF-4EAB-B946-F94F55C7BE10}.Debug|x86.Build.0 = Debug|x86
		{C61312E3-28DF-4EAB-B946-F94F55C7BE10}.Debug|x86.Deploy.0 = Debug|x86
		{C61312E3-28DF-4EAB-B946-F94F55C7BE10}.Release|Any CPU.ActiveCfg = Release|x86
		{C61312E3-28DF-4EAB-B946-F94F55C7BE10}.Release|ARM.ActiveCfg = Release|ARM
		{C61312E3-28DF-4EAB-B946-F94F55C7BE10}.Release|ARM.Build.0 = Release|ARM
		{C61312E3-28DF-4EAB-B946-F94F55C7BE10}.Release|ARM.Deploy.0 = Release|ARM
		{C61312E3-28DF-4EAB-B946-F94F55C7BE10}.Release|iPhone.ActiveCfg = Release|x86
		{C61312E3-28DF-4EAB-B946-F94F55C7BE10}.Release|iPhoneSimulator.ActiveCfg = Release|x86
		{C61312E3-28DF-4EAB-B946-F94F55C7BE10}.Release|x64.ActiveCfg = Release|x64
		{C61312E3-28DF-4EAB-B946-F94F55C7BE10}.Release|x64.Build.0 = Release|x64
		{C61312E3-28DF-4EAB-B946-F94F55C7BE10}.Release|x64.Deploy.0 = Release|x64
		{C61312E3-28DF-4EAB-B946-F94F55C7BE10}.Release|x86.ActiveCfg = Release|x86
		{C61312E3-28DF-4EAB-B946-F94F55C7BE10}.Release|x86.Build.0 = Release|x86
		{C61312E3-28DF-4EAB-B946-F94F55C7BE10}.Release|x86.Deploy.0 = Release|x86
		{1972BC0A-1D54-4662-85DE-D642AE375C55}.Ad-Hoc|Any CPU.ActiveCfg = Ad-Hoc|iPhone
		{1972BC0A-1D54-4662-85DE-D642AE375C55}.Ad-Hoc|ARM.ActiveCfg = Ad-Hoc|iPhone
		{1972BC0A-1D54-4662-85DE-D642AE375C55}.Ad-Hoc|iPhone.ActiveCfg = Ad-Hoc|iPhone
		{1972BC0A-1D54-4662-85DE-D642AE375C55}.Ad-Hoc|iPhone.Build.0 = Ad-Hoc|iPhone
		{1972BC0A-1D54-4662-85DE-D642AE375C55}.Ad-Hoc|iPhoneSimulator.ActiveCfg = Ad-Hoc|iPhoneSimulator
		{1972BC0A-1D54-4662-85DE-D642AE375C55}.Ad-Hoc|iPhoneSimulator.Build.0 = Ad-Hoc|iPhoneSimulator
		{1972BC0A-1D54-4662-85DE-D642AE375C55}.Ad-Hoc|x64.ActiveCfg = Ad-Hoc|iPhone
		{1972BC0A-1D54-4662-85DE-D642AE375C55}.Ad-Hoc|x86.ActiveCfg = Ad-Hoc|iPhone
		{1972BC0A-1D54-4662-85DE-D642AE375C55}.AppStore|Any CPU.ActiveCfg = AppStore|iPhone
		{1972BC0A-1D54-4662-85DE-D642AE375C55}.AppStore|ARM.ActiveCfg = AppStore|iPhone
		{1972BC0A-1D54-4662-85DE-D642AE375C55}.AppStore|iPhone.ActiveCfg = AppStore|iPhone
		{1972BC0A-1D54-4662-85DE-D642AE375C55}.AppStore|iPhone.Build.0 = AppStore|iPhone
		{1972BC0A-1D54-4662-85DE-D642AE375C55}.AppStore|iPhoneSimulator.ActiveCfg = AppStore|iPhoneSimulator
		{1972BC0A-1D54-4662-85DE-D642AE375C55}.AppStore|iPhoneSimulator.Build.0 = AppStore|iPhoneSimulator
		{1972BC0A-1D54-4662-85DE-D642AE375C55}.AppStore|x64.ActiveCfg = AppStore|iPhone
		{1972BC0A-1D54-4662-85DE-D642AE375C55}.AppStore|x86.ActiveCfg = AppStore|iPhone
		{1972BC0A-1D54-4662-85DE-D642AE375C55}.Debug|Any CPU.ActiveCfg = Debug|iPhone
		{1972BC0A-1D54-4662-85DE-D642AE375C55}.Debug|ARM.ActiveCfg = Debug|iPhone
		{1972BC0A-1D54-4662-85DE-D642AE375C55}.Debug|iPhone.ActiveCfg = Debug|iPhone
		{1972BC0A-1D54-4662-85DE-D642AE375C55}.Debug|iPhone.Build.0 = Debug|iPhone
		{1972BC0A-1D54-4662-85DE-D642AE375C55}.Debug|iPhoneSimulator.ActiveCfg = Debug|iPhoneSimulator
		{1972BC0A-1D54-4662-85DE-D642AE375C55}.Debug|iPhoneSimulator.Build.0 = Debug|iPhoneSimulator
		{1972BC0A-1D54-4662-85DE-D642AE375C55}.Debug|x64.ActiveCfg = Debug|iPhone
		{1972BC0A-1D54-4662-85DE-D642AE375C55}.Debug|x86.ActiveCfg = Debug|iPhone
		{1972BC0A-1D54-4662-85DE-D642AE375C55}.Release|Any CPU.ActiveCfg = Release|iPhone
		{1972BC0A-1D54-4662-85DE-D642AE375C55}.Release|ARM.ActiveCfg = Release|iPhone
		{1972BC0A-1D54-4662-85DE-D642AE375C55}.Release|iPhone.ActiveCfg = Release|iPhone
		{1972BC0A-1D54-4662-85DE-D642AE375C55}.Release|iPhone.Build.0 = Release|iPhone
		{1972BC0A-1D54-4662-85DE-D642AE375C55}.Release|iPhoneSimulator.ActiveCfg = Release|iPhoneSimulator
		{1972BC0A-1D54-4662-85DE-D642AE375C55}.Release|iPhoneSimulator.Build.0 = Release|iPhoneSimulator
		{1972BC0A-1D54-4662-85DE-D642AE375C55}.Release|x64.ActiveCfg = Release|iPhone
		{1972BC0A-1D54-4662-85DE-D642AE375C55}.Release|x86.ActiveCfg = Release|iPhone
		{0C65DB08-3188-428F-9ED8-6599856DE402}.Ad-Hoc|Any CPU.ActiveCfg = Release|Any CPU
		{0C65DB08-3188-428F-9ED8-6599856DE402}.Ad-Hoc|Any CPU.Build.0 = Release|Any CPU
		{0C65DB08-3188-428F-9ED8-6599856DE402}.Ad-Hoc|ARM.ActiveCfg = Release|Any CPU
		{0C65DB08-3188-428F-9ED8-6599856DE402}.Ad-Hoc|ARM.Build.0 = Release|Any CPU
		{0C65DB08-3188-428F-9ED8-6599856DE402}.Ad-Hoc|iPhone.ActiveCfg = Release|Any CPU
		{0C65DB08-3188-428F-9ED8-6599856DE402}.Ad-Hoc|iPhone.Build.0 = Release|Any CPU
		{0C65DB08-3188-428F-9ED8-6599856DE402}.Ad-Hoc|iPhoneSimulator.ActiveCfg = Release|Any CPU
		{0C65DB08-3188-428F-9ED8-6599856DE402}.Ad-Hoc|iPhoneSimulator.Build.0 = Release|Any CPU
		{0C65DB08-3188-428F-9ED8-6599856DE402}.Ad-Hoc|x64.ActiveCfg = Release|Any CPU
		{0C65DB08-3188-428F-9ED8-6599856DE402}.Ad-Hoc|x64.Build.0 = Release|Any CPU
		{0C65DB08-3188-428F-9ED8-6599856DE402}.Ad-Hoc|x86.ActiveCfg = Release|Any CPU
		{0C65DB08-3188-428F-9ED8-6599856DE402}.Ad-Hoc|x86.Build.0 = Release|Any CPU
		{0C65DB08-3188-428F-9ED8-6599856DE402}.AppStore|Any CPU.ActiveCfg = Release|Any CPU
		{0C65DB08-3188-428F-9ED8-6599856DE402}.AppStore|Any CPU.Build.0 = Release|Any CPU
		{0C65DB08-3188-428F-9ED8-6599856DE402}.AppStore|ARM.ActiveCfg = Release|Any CPU
		{0C65DB08-3188-428F-9ED8-6599856DE402}.AppStore|ARM.Build.0 = Release|Any CPU
		{0C65DB08-3188-428F-9ED8-6599856DE402}.AppStore|iPhone.ActiveCfg = Release|Any CPU
		{0C65DB08-3188-428F-9ED8-6599856DE402}.AppStore|iPhone.Build.0 = Release|Any CPU
		{0C65DB08-3188-428F-9ED8-6599856DE402}.AppStore|iPhoneSimulator.ActiveCfg = Release|Any CPU
		{0C65DB08-3188-428F-9ED8-6599856DE402}.AppStore|iPhoneSimulator.Build.0 = Release|Any CPU
		{0C65DB08-3188-428F-9ED8-6599856DE402}.AppStore|x64.ActiveCfg = Release|Any CPU
		{0C65DB08-3188-428F-9ED8-6599856DE402}.AppStore|x64.Build.0 = Release|Any CPU
		{0C65DB08-3188-428F-9ED8-6599856DE402}.AppStore|x86.ActiveCfg = Release|Any CPU
		{0C65DB08-3188-428F-9ED8-6599856DE402}.AppStore|x86.Build.0 = Release|Any CPU
		{0C65DB08-3188-428F-9ED8-6599856DE402}.Debug|Any CPU.ActiveCfg = Debug|Any CPU
		{0C65DB08-3188-428F-9ED8-6599856DE402}.Debug|Any CPU.Build.0 = Debug|Any CPU
		{0C65DB08-3188-428F-9ED8-6599856DE402}.Debug|ARM.ActiveCfg = Debug|Any CPU
		{0C65DB08-3188-428F-9ED8-6599856DE402}.Debug|ARM.Build.0 = Debug|Any CPU
		{0C65DB08-3188-428F-9ED8-6599856DE402}.Debug|iPhone.ActiveCfg = Debug|Any CPU
		{0C65DB08-3188-428F-9ED8-6599856DE402}.Debug|iPhone.Build.0 = Debug|Any CPU
		{0C65DB08-3188-428F-9ED8-6599856DE402}.Debug|iPhoneSimulator.ActiveCfg = Debug|Any CPU
		{0C65DB08-3188-428F-9ED8-6599856DE402}.Debug|iPhoneSimulator.Build.0 = Debug|Any CPU
		{0C65DB08-3188-428F-9ED8-6599856DE402}.Debug|x64.ActiveCfg = Debug|Any CPU
		{0C65DB08-3188-428F-9ED8-6599856DE402}.Debug|x64.Build.0 = Debug|Any CPU
		{0C65DB08-3188-428F-9ED8-6599856DE402}.Debug|x86.ActiveCfg = Debug|Any CPU
		{0C65DB08-3188-428F-9ED8-6599856DE402}.Debug|x86.Build.0 = Debug|Any CPU
		{0C65DB08-3188-428F-9ED8-6599856DE402}.Release|Any CPU.ActiveCfg = Release|Any CPU
		{0C65DB08-3188-428F-9ED8-6599856DE402}.Release|Any CPU.Build.0 = Release|Any CPU
		{0C65DB08-3188-428F-9ED8-6599856DE402}.Release|ARM.ActiveCfg = Release|Any CPU
		{0C65DB08-3188-428F-9ED8-6599856DE402}.Release|ARM.Build.0 = Release|Any CPU
		{0C65DB08-3188-428F-9ED8-6599856DE402}.Release|iPhone.ActiveCfg = Release|Any CPU
		{0C65DB08-3188-428F-9ED8-6599856DE402}.Release|iPhone.Build.0 = Release|Any CPU
		{0C65DB08-3188-428F-9ED8-6599856DE402}.Release|iPhoneSimulator.ActiveCfg = Release|Any CPU
		{0C65DB08-3188-428F-9ED8-6599856DE402}.Release|iPhoneSimulator.Build.0 = Release|Any CPU
		{0C65DB08-3188-428F-9ED8-6599856DE402}.Release|x64.ActiveCfg = Release|Any CPU
		{0C65DB08-3188-428F-9ED8-6599856DE402}.Release|x64.Build.0 = Release|Any CPU
		{0C65DB08-3188-428F-9ED8-6599856DE402}.Release|x86.ActiveCfg = Release|Any CPU
		{0C65DB08-3188-428F-9ED8-6599856DE402}.Release|x86.Build.0 = Release|Any CPU
	EndGlobalSection
	GlobalSection(SolutionProperties) = preSolution
		HideSolutionNode = FALSE
	EndGlobalSection
EndGlobal
